Microsoft Visual Studio Solution File, Format Version 11.00
# Visual Studio 2008

Project("{D4908B1E-39CC-6177-2E5D-74E5FB77D241}") = "TBD", "Assembly-CSharp.csproj", "{CE963F9A-FA08-7181-1770-2AF821BDAD4D}"
EndProject
Project("{D4908B1E-39CC-6177-2E5D-74E5FB77D241}") = "TBD", "Assembly-CSharp-Editor.csproj", "{CFE0BE3A-1026-34A3-AAC8-0B52DB2D0A11}"
EndProject
Global
	GlobalSection(SolutionConfigurationPlatforms) = preSolution
		Debug|Any CPU = Debug|Any CPU
		Release|Any CPU = Release|Any CPU
	EndGlobalSection
	GlobalSection(ProjectConfigurationPlatforms) = postSolution
		{CE963F9A-FA08-7181-1770-2AF821BDAD4D}.Debug|Any CPU.ActiveCfg = Debug|Any CPU
		{CE963F9A-FA08-7181-1770-2AF821BDAD4D}.Debug|Any CPU.Build.0 = Debug|Any CPU
		{CE963F9A-FA08-7181-1770-2AF821BDAD4D}.Release|Any CPU.ActiveCfg = Release|Any CPU
		{CE963F9A-FA08-7181-1770-2AF821BDAD4D}.Release|Any CPU.Build.0 = Release|Any CPU
		{CFE0BE3A-1026-34A3-AAC8-0B52DB2D0A11}.Debug|Any CPU.ActiveCfg = Debug|Any CPU
		{CFE0BE3A-1026-34A3-AAC8-0B52DB2D0A11}.Debug|Any CPU.Build.0 = Debug|Any CPU
		{CFE0BE3A-1026-34A3-AAC8-0B52DB2D0A11}.Release|Any CPU.ActiveCfg = Release|Any CPU
		{CFE0BE3A-1026-34A3-AAC8-0B52DB2D0A11}.Release|Any CPU.Build.0 = Release|Any CPU
	EndGlobalSection
	GlobalSection(SolutionProperties) = preSolution
		HideSolutionNode = FALSE
	EndGlobalSection
	GlobalSection(MonoDevelopProperties) = preSolution
		StartupItem = Assembly-CSharp.csproj
	EndGlobalSection
EndGlobal
